// !$*UTF8*$!
{
	archiveVersion = 1;
	classes = {
	};
	objectVersion = 50;
	objects = {

/* Begin PBXBuildFile section */
		6140125D2475594A001A7A7E /* AppDelegate.swift in Sources */ = {isa = PBXBuildFile; fileRef = 6140125C2475594A001A7A7E /* AppDelegate.swift */; };
		6140125F2475594A001A7A7E /* SceneDelegate.swift in Sources */ = {isa = PBXBuildFile; fileRef = 6140125E2475594A001A7A7E /* SceneDelegate.swift */; };
		614012612475594A001A7A7E /* ContentView.swift in Sources */ = {isa = PBXBuildFile; fileRef = 614012602475594A001A7A7E /* ContentView.swift */; };
		6140126324755950001A7A7E /* Assets.xcassets in Resources */ = {isa = PBXBuildFile; fileRef = 6140126224755950001A7A7E /* Assets.xcassets */; };
		6140126624755950001A7A7E /* Preview Assets.xcassets in Resources */ = {isa = PBXBuildFile; fileRef = 6140126524755950001A7A7E /* Preview Assets.xcassets */; };
		6140126924755950001A7A7E /* LaunchScreen.storyboard in Resources */ = {isa = PBXBuildFile; fileRef = 6140126724755950001A7A7E /* LaunchScreen.storyboard */; };
		6140127124755B9F001A7A7E /* Book.swift in Sources */ = {isa = PBXBuildFile; fileRef = 6140127024755B9F001A7A7E /* Book.swift */; };
/* End PBXBuildFile section */

/* Begin PBXFileReference section */
		614012592475594A001A7A7E /* SwiftUI ScrollView & Stacks.app */ = {isa = PBXFileReference; explicitFileType = wrapper.application; includeInIndex = 0; path = "SwiftUI ScrollView & Stacks.app"; sourceTree = BUILT_PRODUCTS_DIR; };
		6140125C2475594A001A7A7E /* AppDelegate.swift */ = {isa = PBXFileReference; lastKnownFileType = sourcecode.swift; path = AppDelegate.swift; sourceTree = "<group>"; };
		6140125E2475594A001A7A7E /* SceneDelegate.swift */ = {isa = PBXFileReference; lastKnownFileType = sourcecode.swift; path = SceneDelegate.swift; sourceTree = "<group>"; };
		614012602475594A001A7A7E /* ContentView.swift */ = {isa = PBXFileReference; lastKnownFileType = sourcecode.swift; path = ContentView.swift; sourceTree = "<group>"; };
		6140126224755950001A7A7E /* Assets.xcassets */ = {isa = PBXFileReference; lastKnownFileType = folder.assetcatalog; path = Assets.xcassets; sourceTree = "<group>"; };
		6140126524755950001A7A7E /* Preview Assets.xcassets */ = {isa = PBXFileReference; lastKnownFileType = folder.assetcatalog; path = "Preview Assets.xcassets"; sourceTree = "<group>"; };
		6140126824755950001A7A7E /* Base */ = {isa = PBXFileReference; lastKnownFileType = file.storyboard; name = Base; path = Base.lproj/LaunchScreen.storyboard; sourceTree = "<group>"; };
		6140126A24755950001A7A7E /* Info.plist */ = {isa = PBXFileReference; lastKnownFileType = text.plist.xml; path = Info.plist; sourceTree = "<group>"; };
		6140127024755B9F001A7A7E /* Book.swift */ = {isa = PBXFileReference; lastKnownFileType = sourcecode.swift; path = Book.swift; sourceTree = "<group>"; };
/* End PBXFileReference section */

/* Begin PBXFrameworksBuildPhase section */
		614012562475594A001A7A7E /* Frameworks */ = {
			isa = PBXFrameworksBuildPhase;
			buildActionMask = 2147483647;
			files = (
			);
			runOnlyForDeploymentPostprocessing = 0;
		};
/* End PBXFrameworksBuildPhase section */

/* Begin PBXGroup section */
		614012502475594A001A7A7E = {
			isa = PBXGroup;
			children = (
				6140125B2475594A001A7A7E /* SwiftUI ScrollView & Stacks */,
				6140125A2475594A001A7A7E /* Products */,
			);
			sourceTree = "<group>";
		};
		6140125A2475594A001A7A7E /* Products */ = {
			isa = PBXGroup;
			children = (
				614012592475594A001A7A7E /* SwiftUI ScrollView & Stacks.app */,
			);
			name = Products;
			sourceTree = "<group>";
		};
		6140125B2475594A001A7A7E /* SwiftUI ScrollView & Stacks */ = {
			isa = PBXGroup;
			children = (
				6140125C2475594A001A7A7E /* AppDelegate.swift */,
				6140125E2475594A001A7A7E /* SceneDelegate.swift */,
				614012602475594A001A7A7E /* ContentView.swift */,
				6140127024755B9F001A7A7E /* Book.swift */,
				6140126224755950001A7A7E /* Assets.xcassets */,
				6140126724755950001A7A7E /* LaunchScreen.storyboard */,
				6140126A24755950001A7A7E /* Info.plist */,
				6140126424755950001A7A7E /* Preview Content */,
			);
			path = "SwiftUI ScrollView & Stacks";
			sourceTree = "<group>";
		};
		6140126424755950001A7A7E /* Preview Content */ = {
			isa = PBXGroup;
			children = (
				6140126524755950001A7A7E /* Preview Assets.xcassets */,
			);
			path = "Preview Content";
			sourceTree = "<group>";
		};
/* End PBXGroup section */

/* Begin PBXNativeTarget section */
		614012582475594A001A7A7E /* SwiftUI ScrollView & Stacks */ = {
			isa = PBXNativeTarget;
			buildConfigurationList = 6140126D24755950001A7A7E /* Build configuration list for PBXNativeTarget "SwiftUI ScrollView & Stacks" */;
			buildPhases = (
				614012552475594A001A7A7E /* Sources */,
				614012562475594A001A7A7E /* Frameworks */,
				614012572475594A001A7A7E /* Resources */,
			);
			buildRules = (
			);
			dependencies = (
			);
			name = "SwiftUI ScrollView & Stacks";
			productName = "SwiftUI ScrollView & Stacks";
			productReference = 614012592475594A001A7A7E /* SwiftUI ScrollView & Stacks.app */;
			productType = "com.apple.product-type.application";
		};
/* End PBXNativeTarget section */

/* Begin PBXProject section */
		614012512475594A001A7A7E /* Project object */ = {
			isa = PBXProject;
			attributes = {
				LastSwiftUpdateCheck = 1130;
				LastUpgradeCheck = 1130;
				ORGANIZATIONNAME = "mohamed  habib";
				TargetAttributes = {
					614012582475594A001A7A7E = {
						CreatedOnToolsVersion = 11.3.1;
					};
				};
			};
			buildConfigurationList = 614012542475594A001A7A7E /* Build configuration list for PBXProject "SwiftUI ScrollView & Stacks" */;
			compatibilityVersion = "Xcode 9.3";
			developmentRegion = en;
			hasScannedForEncodings = 0;
			knownRegions = (
				en,
				Base,
			);
			mainGroup = 614012502475594A001A7A7E;
			productRefGroup = 6140125A2475594A001A7A7E /* Products */;
			projectDirPath = "";
			projectRoot = "";
			targets = (
				614012582475594A001A7A7E /* SwiftUI ScrollView & Stacks */,
			);
		};
/* End PBXProject section */

/* Begin PBXResourcesBuildPhase section */
		614012572475594A001A7A7E /* Resources */ = {
			isa = PBXResourcesBuildPhase;
			buildActionMask = 2147483647;
			files = (
				6140126924755950001A7A7E /* LaunchScreen.storyboard in Resources */,
				6140126624755950001A7A7E /* Preview Assets.xcassets in Resources */,
				6140126324755950001A7A7E /* Assets.xcassets in Resources */,
			);
			runOnlyForDeploymentPostprocessing = 0;
		};
/* End PBXResourcesBuildPhase section */

/* Begin PBXSourcesBuildPhase section */
		614012552475594A001A7A7E /* Sources */ = {
			isa = PBXSourcesBuildPhase;
			buildActionMask = 2147483647;
			files = (
				6140127124755B9F001A7A7E /* Book.swift in Sources */,
				6140125D2475594A001A7A7E /* AppDelegate.swift in Sources */,
				6140125F2475594A001A7A7E /* SceneDelegate.swift in Sources */,
				614012612475594A001A7A7E /* ContentView.swift in Sources */,
			);
			runOnlyForDeploymentPostprocessing = 0;
		};
/* End PBXSourcesBuildPhase section */

/* Begin PBXVariantGroup section */
		6140126724755950001A7A7E /* LaunchScreen.storyboard */ = {
			isa = PBXVariantGroup;
			children = (
				6140126824755950001A7A7E /* Base */,
			);
			name = LaunchScreen.storyboard;
			sourceTree = "<group>";
		};
/* End PBXVariantGroup section */

/* Begin XCBuildConfiguration section */
		6140126B24755950001A7A7E /* Debug */ = {
			isa = XCBuildConfiguration;
			buildSettings = {
				ALWAYS_SEARCH_USER_PATHS = NO;
				CLANG_ANALYZER_NONNULL = YES;
				CLANG_ANALYZER_NUMBER_OBJECT_CONVERSION = YES_AGGRESSIVE;
				CLANG_CXX_LANGUAGE_STANDARD = "gnu++14";
				CLANG_CXX_LIBRARY = "libc++";
				CLANG_ENABLE_MODULES = YES;
				CLANG_ENABLE_OBJC_ARC = YES;
				CLANG_ENABLE_OBJC_WEAK = YES;
				CLANG_WARN_BLOCK_CAPTURE_AUTORELEASING = YES;
				CLANG_WARN_BOOL_CONVERSION = YES;
				CLANG_WARN_COMMA = YES;
				CLANG_WARN_CONSTANT_CONVERSION = YES;
				CLANG_WARN_DEPRECATED_OBJC_IMPLEMENTATIONS = YES;
				CLANG_WARN_DIRECT_OBJC_ISA_USAGE = YES_ERROR;
				CLANG_WARN_DOCUMENTATION_COMMENTS = YES;
				CLANG_WARN_EMPTY_BODY = YES;
				CLANG_WARN_ENUM_CONVERSION = YES;
				CLANG_WARN_INFINITE_RECURSION = YES;
				CLANG_WARN_INT_CONVERSION = YES;
				CLANG_WARN_NON_LITERAL_NULL_CONVERSION = YES;
				CLANG_WARN_OBJC_IMPLICIT_RETAIN_SELF = YES;
				CLANG_WARN_OBJC_LITERAL_CONVERSION = YES;
				CLANG_WARN_OBJC_ROOT_CLASS = YES_ERROR;
				CLANG_WARN_RANGE_LOOP_ANALYSIS = YES;
				CLANG_WARN_STRICT_PROTOTYPES = YES;
				CLANG_WARN_SUSPICIOUS_MOVE = YES;
				CLANG_WARN_UNGUARDED_AVAILABILITY = YES_AGGRESSIVE;
				CLANG_WARN_UNREACHABLE_CODE = YES;
				CLANG_WARN__DUPLICATE_METHOD_MATCH = YES;
				COPY_PHASE_STRIP = NO;
				DEBUG_INFORMATION_FORMAT = dwarf;
				ENABLE_STRICT_OBJC_MSGSEND = YES;
				ENABLE_TESTABILITY = YES;
				GCC_C_LANGUAGE_STANDARD = gnu11;
				GCC_DYNAMIC_NO_PIC = NO;
				GCC_NO_COMMON_BLOCKS = YES;
				GCC_OPTIMIZATION_LEVEL = 0;
				GCC_PREPROCESSOR_DEFINITIONS = (
					"DEBUG=1",
					"$(inherited)",
				);
				GCC_WARN_64_TO_32_BIT_CONVERSION = YES;
				GCC_WARN_ABOUT_RETURN_TYPE = YES_ERROR;
				GCC_WARN_UNDECLARED_SELECTOR = YES;
				GCC_WARN_UNINITIALIZED_AUTOS = YES_AGGRESSIVE;
				GCC_WARN_UNUSED_FUNCTION = YES;
				GCC_WARN_UNUSED_VARIABLE = YES;
				IPHONEOS_DEPLOYMENT_TARGET = 13.2;
				MTL_ENABLE_DEBUG_INFO = INCLUDE_SOURCE;
				MTL_FAST_MATH = YES;
				ONLY_ACTIVE_ARCH = YES;
				SDKROOT = iphoneos;
				SWIFT_ACTIVE_COMPILATION_CONDITIONS = DEBUG;
				SWIFT_OPTIMIZATION_LEVEL = "-Onone";
			};
			name = Debug;
		};
		6140126C24755950001A7A7E /* Release */ = {
			isa = XCBuildConfiguration;
			buildSettings = {
				ALWAYS_SEARCH_USER_PATHS = NO;
				CLANG_ANALYZER_NONNULL = YES;
				CLANG_ANALYZER_NUMBER_OBJECT_CONVERSION = YES_AGGRESSIVE;
				CLANG_CXX_LANGUAGE_STANDARD = "gnu++14";
				CLANG_CXX_LIBRARY = "libc++";
				CLANG_ENABLE_MODULES = YES;
				CLANG_ENABLE_OBJC_ARC = YES;
				CLANG_ENABLE_OBJC_WEAK = YES;
				CLANG_WARN_BLOCK_CAPTURE_AUTORELEASING = YES;
				CLANG_WARN_BOOL_CONVERSION = YES;
				CLANG_WARN_COMMA = YES;
				CLANG_WARN_CONSTANT_CONVERSION = YES;
				CLANG_WARN_DEPRECATED_OBJC_IMPLEMENTATIONS = YES;
				CLANG_WARN_DIRECT_OBJC_ISA_USAGE = YES_ERROR;
				CLANG_WARN_DOCUMENTATION_COMMENTS = YES;
				CLANG_WARN_EMPTY_BODY = YES;
				CLANG_WARN_ENUM_CONVERSION = YES;
				CLANG_WARN_INFINITE_RECURSION = YES;
				CLANG_WARN_INT_CONVERSION = YES;
				CLANG_WARN_NON_LITERAL_NULL_CONVERSION = YES;
				CLANG_WARN_OBJC_IMPLICIT_RETAIN_SELF = YES;
				CLANG_WARN_OBJC_LITERAL_CONVERSION = YES;
				CLANG_WARN_OBJC_ROOT_CLASS = YES_ERROR;
				CLANG_WARN_RANGE_LOOP_ANALYSIS = YES;
				CLANG_WARN_STRICT_PROTOTYPES = YES;
				CLANG_WARN_SUSPICIOUS_MOVE = YES;
				CLANG_WARN_UNGUARDED_AVAILABILITY = YES_AGGRESSIVE;
				CLANG_WARN_UNREACHABLE_CODE = YES;
				CLANG_WARN__DUPLICATE_METHOD_MATCH = YES;
				COPY_PHASE_STRIP = NO;
				DEBUG_INFORMATION_FORMAT = "dwarf-with-dsym";
				ENABLE_NS_ASSERTIONS = NO;
				ENABLE_STRICT_OBJC_MSGSEND = YES;
				GCC_C_LANGUAGE_STANDARD = gnu11;
				GCC_NO_COMMON_BLOCKS = YES;
				GCC_WARN_64_TO_32_BIT_CONVERSION = YES;
				GCC_WARN_ABOUT_RETURN_TYPE = YES_ERROR;
				GCC_WARN_UNDECLARED_SELECTOR = YES;
				GCC_WARN_UNINITIALIZED_AUTOS = YES_AGGRESSIVE;
				GCC_WARN_UNUSED_FUNCTION = YES;
				GCC_WARN_UNUSED_VARIABLE = YES;
				IPHONEOS_DEPLOYMENT_TARGET = 13.2;
				MTL_ENABLE_DEBUG_INFO = NO;
				MTL_FAST_MATH = YES;
				SDKROOT = iphoneos;
				SWIFT_COMPILATION_MODE = wholemodule;
				SWIFT_OPTIMIZATION_LEVEL = "-O";
				VALIDATE_PRODUCT = YES;
			};
			name = Release;
		};
		6140126E24755950001A7A7E /* Debug */ = {
			isa = XCBuildConfiguration;
			buildSettings = {
				ASSETCATALOG_COMPILER_APPICON_NAME = AppIcon;
				CODE_SIGN_STYLE = Automatic;
				DEVELOPMENT_ASSET_PATHS = "\"SwiftUI ScrollView & Stacks/Preview Content\"";
				DEVELOPMENT_TEAM = W4M7279BBQ;
				ENABLE_PREVIEWS = YES;
				INFOPLIST_FILE = "SwiftUI ScrollView & Stacks/Info.plist";
				LD_RUNPATH_SEARCH_PATHS = (
					"$(inherited)",
					"@executable_path/Frameworks",
				);
				PRODUCT_BUNDLE_IDENTIFIER = "jaberi.SwiftUI-ScrollView---Stacks";
				PRODUCT_NAME = "$(TARGET_NAME)";
				SWIFT_VERSION = 5.0;
				TARGETED_DEVICE_FAMILY = "1,2";
			};
			name = Debug;
		};
		6140126F24755950001A7A7E /* Release */ = {
			isa = XCBuildConfiguration;
			buildSettings = {
				ASSETCATALOG_COMPILER_APPICON_NAME = AppIcon;
				CODE_SIGN_STYLE = Automatic;
				DEVELOPMENT_ASSET_PATHS = "\"SwiftUI ScrollView & Stacks/Preview Content\"";
				DEVELOPMENT_TEAM = W4M7279BBQ;
				ENABLE_PREVIEWS = YES;
				INFOPLIST_FILE = "SwiftUI ScrollView & Stacks/Info.plist";
				LD_RUNPATH_SEARCH_PATHS = (
					"$(inherited)",
					"@executable_path/Frameworks",
				);
				PRODUCT_BUNDLE_IDENTIFIER = "jaberi.SwiftUI-ScrollView---Stacks";
				PRODUCT_NAME = "$(TARGET_NAME)";
				SWIFT_VERSION = 5.0;
				TARGETED_DEVICE_FAMILY = "1,2";
			};
			name = Release;
		};
/* End XCBuildConfiguration section */

/* Begin XCConfigurationList section */
		614012542475594A001A7A7E /* Build configuration list for PBXProject "SwiftUI ScrollView & Stacks" */ = {
			isa = XCConfigurationList;
			buildConfigurations = (
				6140126B24755950001A7A7E /* Debug */,
				6140126C24755950001A7A7E /* Release */,
			);
			defaultConfigurationIsVisible = 0;
			defaultConfigurationName = Release;
		};
		6140126D24755950001A7A7E /* Build configuration list for PBXNativeTarget "SwiftUI ScrollView & Stacks" */ = {
			isa = XCConfigurationList;
			buildConfigurations = (
				6140126E24755950001A7A7E /* Debug */,
				6140126F24755950001A7A7E /* Release */,
			);
			defaultConfigurationIsVisible = 0;
			defaultConfigurationName = Release;
		};
/* End XCConfigurationList section */
	};
	rootObject = 614012512475594A001A7A7E /* Project object */;
}
